
Microsoft Visual Studio Solution File, Format Version 12.00
# Visual Studio Version 16
VisualStudioVersion = 25.0.1705.4
MinimumVisualStudioVersion = 10.0.40219.1
Project("{FAE04EC0-301F-11D3-BF4B-00C04F79EFBC}") = "SharpDecompress", "SharpDecompress\SharpDecompress.csproj", "{88CD8088-8E8E-438E-80E7-AB69C116CC31}"
EndProject
Global
	GlobalSection(SolutionConfigurationPlatforms) = preSolution
		Debug|Any CPU = Debug|Any CPU
		Release|Any CPU = Release|Any CPU
	EndGlobalSection
	GlobalSection(ProjectConfigurationPlatforms) = postSolution
		{88CD8088-8E8E-438E-80E7-AB69C116CC31}.Debug|Any CPU.ActiveCfg = Debug|Any CPU
		{88CD8088-8E8E-438E-80E7-AB69C116CC31}.Debug|Any CPU.Build.0 = Debug|Any CPU
		{88CD8088-8E8E-438E-80E7-AB69C116CC31}.Release|Any CPU.ActiveCfg = Release|Any CPU
		{88CD8088-8E8E-438E-80E7-AB69C116CC31}.Release|Any CPU.Build.0 = Release|Any CPU
	EndGlobalSection
	GlobalSection(SolutionProperties) = preSolution
		HideSolutionNode = FALSE
	EndGlobalSection
	GlobalSection(ExtensibilityGlobals) = postSolution
		SolutionGuid = {8B5AA28A-E0E2-4485-87C0-118C581332A4}
	EndGlobalSection
EndGlobal
